
Microsoft Visual Studio Solution File, Format Version 12.00
# Visual Studio Version 16
VisualStudioVersion = 16.0.30309.148
MinimumVisualStudioVersion = 10.0.40219.1
Project("{FAE04EC0-301F-11D3-BF4B-00C04F79EFBC}") = "Avira Design", "Avira Design.csproj", "{3751EFF4-4892-4503-9DA0-EAEA54BBA114}"
EndProject
Global
	GlobalSection(SolutionConfigurationPlatforms) = preSolution
		Debug|Any CPU = Debug|Any CPU
		Release|Any CPU = Release|Any CPU
	EndGlobalSection
	GlobalSection(ProjectConfigurationPlatforms) = postSolution
		{3751EFF4-4892-4503-9DA0-EAEA54BBA114}.Debug|Any CPU.ActiveCfg = Debug|Any CPU
		{3751EFF4-4892-4503-9DA0-EAEA54BBA114}.Debug|Any CPU.Build.0 = Debug|Any CPU
		{3751EFF4-4892-4503-9DA0-EAEA54BBA114}.Release|Any CPU.ActiveCfg = Release|Any CPU
		{3751EFF4-4892-4503-9DA0-EAEA54BBA114}.Release|Any CPU.Build.0 = Release|Any CPU
	EndGlobalSection
	GlobalSection(SolutionProperties) = preSolution
		HideSolutionNode = FALSE
	EndGlobalSection
	GlobalSection(ExtensibilityGlobals) = postSolution
		SolutionGuid = {6E0ED08C-4A08-4FDC-B75C-29F70F5BF7B9}
	EndGlobalSection
EndGlobal
